{
  "name": "static",
  "lockfileVersion": 2,
  "requires": true,
  "packages": {
    "": {
      "dependencies": {
        "create-react": "^0.0.0"
      }
    },
    "node_modules/create-react": {
      "version": "0.0.0",
      "resolved": "https://registry.npmjs.org/create-react/-/create-react-0.0.0.tgz",
      "integrity": "sha1-BKdAfXDxNoa8wHt0BDfbQKGlzTg="
    }
  },
  "dependencies": {
    "create-react": {
      "version": "0.0.0",
      "resolved": "https://registry.npmjs.org/create-react/-/create-react-0.0.0.tgz",
      "integrity": "sha1-BKdAfXDxNoa8wHt0BDfbQKGlzTg="
    }
  }
}
